
Microsoft Visual Studio Solution File, Format Version 12.00
# Visual Studio Version 16
VisualStudioVersion = 16.0.29324.140
MinimumVisualStudioVersion = 10.0.40219.1
Project("{FAE04EC0-301F-11D3-BF4B-00C04F79EFBC}") = "ScanAGator.WinForms", "ScanAGator.WinForms\ScanAGator.WinForms.csproj", "{509E479B-0C10-4ADA-B68F-FDBE24B17B2D}"
EndProject
Project("{9A19103F-16F7-4668-BE54-9A1E7A4F7556}") = "ScanAGator", "ScanAGator\ScanAGator.csproj", "{59A36F16-8284-431F-B7B8-A88B7AE3CEEA}"
EndProject
Project("{FAE04EC0-301F-11D3-BF4B-00C04F79EFBC}") = "ScanAGator.XmlTool", "ScanAGator.XmlTool\ScanAGator.XmlTool.csproj", "{7E3B8AB4-A41E-4B3F-B64A-51B9E97901E6}"
EndProject
Project("{FAE04EC0-301F-11D3-BF4B-00C04F79EFBC}") = "Tests", "Tests\Tests.csproj", "{292115E2-5B91-4B00-B72F-F74FECD6698C}"
EndProject
Global
	GlobalSection(SolutionConfigurationPlatforms) = preSolution
		Debug|Any CPU = Debug|Any CPU
		Release|Any CPU = Release|Any CPU
	EndGlobalSection
	GlobalSection(ProjectConfigurationPlatforms) = postSolution
		{509E479B-0C10-4ADA-B68F-FDBE24B17B2D}.Debug|Any CPU.ActiveCfg = Debug|Any CPU
		{509E479B-0C10-4ADA-B68F-FDBE24B17B2D}.Debug|Any CPU.Build.0 = Debug|Any CPU
		{509E479B-0C10-4ADA-B68F-FDBE24B17B2D}.Release|Any CPU.ActiveCfg = Release|Any CPU
		{509E479B-0C10-4ADA-B68F-FDBE24B17B2D}.Release|Any CPU.Build.0 = Release|Any CPU
		{59A36F16-8284-431F-B7B8-A88B7AE3CEEA}.Debug|Any CPU.ActiveCfg = Debug|Any CPU
		{59A36F16-8284-431F-B7B8-A88B7AE3CEEA}.Debug|Any CPU.Build.0 = Debug|Any CPU
		{59A36F16-8284-431F-B7B8-A88B7AE3CEEA}.Release|Any CPU.ActiveCfg = Release|Any CPU
		{59A36F16-8284-431F-B7B8-A88B7AE3CEEA}.Release|Any CPU.Build.0 = Release|Any CPU
		{7E3B8AB4-A41E-4B3F-B64A-51B9E97901E6}.Debug|Any CPU.ActiveCfg = Debug|Any CPU
		{7E3B8AB4-A41E-4B3F-B64A-51B9E97901E6}.Debug|Any CPU.Build.0 = Debug|Any CPU
		{7E3B8AB4-A41E-4B3F-B64A-51B9E97901E6}.Release|Any CPU.ActiveCfg = Release|Any CPU
		{7E3B8AB4-A41E-4B3F-B64A-51B9E97901E6}.Release|Any CPU.Build.0 = Release|Any CPU
		{292115E2-5B91-4B00-B72F-F74FECD6698C}.Debug|Any CPU.ActiveCfg = Debug|Any CPU
		{292115E2-5B91-4B00-B72F-F74FECD6698C}.Debug|Any CPU.Build.0 = Debug|Any CPU
		{292115E2-5B91-4B00-B72F-F74FECD6698C}.Release|Any CPU.ActiveCfg = Release|Any CPU
		{292115E2-5B91-4B00-B72F-F74FECD6698C}.Release|Any CPU.Build.0 = Release|Any CPU
	EndGlobalSection
	GlobalSection(SolutionProperties) = preSolution
		HideSolutionNode = FALSE
	EndGlobalSection
	GlobalSection(ExtensibilityGlobals) = postSolution
		SolutionGuid = {147A7A3E-639E-4116-BE06-7794666F8536}
	EndGlobalSection
EndGlobal
